// !$*UTF8*$!
{
	archiveVersion = 1;
	classes = {
	};
	objectVersion = 56;
	objects = {

/* Begin PBXBuildFile section */
		25431A682B7AA53700B0EF80 /* swiftui_snippetsApp.swift in Sources */ = {isa = PBXBuildFile; fileRef = 25431A672B7AA53700B0EF80 /* swiftui_snippetsApp.swift */; };
		25431A6A2B7AA53700B0EF80 /* ContentView.swift in Sources */ = {isa = PBXBuildFile; fileRef = 25431A692B7AA53700B0EF80 /* ContentView.swift */; };
		25431A6C2B7AA53B00B0EF80 /* Assets.xcassets in Resources */ = {isa = PBXBuildFile; fileRef = 25431A6B2B7AA53B00B0EF80 /* Assets.xcassets */; };
		25431A6F2B7AA53B00B0EF80 /* Preview Assets.xcassets in Resources */ = {isa = PBXBuildFile; fileRef = 25431A6E2B7AA53B00B0EF80 /* Preview Assets.xcassets */; };
		25431A792B7AA53B00B0EF80 /* swiftui_snippetsTests.swift in Sources */ = {isa = PBXBuildFile; fileRef = 25431A782B7AA53B00B0EF80 /* swiftui_snippetsTests.swift */; };
		25431A832B7AA53B00B0EF80 /* swiftui_snippetsUITests.swift in Sources */ = {isa = PBXBuildFile; fileRef = 25431A822B7AA53B00B0EF80 /* swiftui_snippetsUITests.swift */; };
		25431A852B7AA53B00B0EF80 /* swiftui_snippetsUITestsLaunchTests.swift in Sources */ = {isa = PBXBuildFile; fileRef = 25431A842B7AA53B00B0EF80 /* swiftui_snippetsUITestsLaunchTests.swift */; };
		25431A932B7AA64F00B0EF80 /* User.swift in Sources */ = {isa = PBXBuildFile; fileRef = 25431A922B7AA64F00B0EF80 /* User.swift */; };
		25431A952B7AA66100B0EF80 /* UserRegistrationViewModel.swift in Sources */ = {isa = PBXBuildFile; fileRef = 25431A942B7AA66100B0EF80 /* UserRegistrationViewModel.swift */; };
		25431A992B7AA68A00B0EF80 /* UserRegistrationView.swift in Sources */ = {isa = PBXBuildFile; fileRef = 25431A982B7AA68A00B0EF80 /* UserRegistrationView.swift */; };
		25431A9B2B7AA6A200B0EF80 /* RegistrationService.swift in Sources */ = {isa = PBXBuildFile; fileRef = 25431A9A2B7AA6A200B0EF80 /* RegistrationService.swift */; };
		25431A9E2B7ABF5100B0EF80 /* MoviesService.swift in Sources */ = {isa = PBXBuildFile; fileRef = 25431A9D2B7ABF5100B0EF80 /* MoviesService.swift */; };
		25431AA02B7ABF6600B0EF80 /* Movie.swift in Sources */ = {isa = PBXBuildFile; fileRef = 25431A9F2B7ABF6600B0EF80 /* Movie.swift */; };
		25431AA22B7AC1D500B0EF80 /* MoviesListViewModel.swift in Sources */ = {isa = PBXBuildFile; fileRef = 25431AA12B7AC1D500B0EF80 /* MoviesListViewModel.swift */; };
		25431AA42B7AC92800B0EF80 /* MoviesListView.swift in Sources */ = {isa = PBXBuildFile; fileRef = 25431AA32B7AC92800B0EF80 /* MoviesListView.swift */; };
		25431AA82B7AD58400B0EF80 /* MovieDetailView.swift in Sources */ = {isa = PBXBuildFile; fileRef = 25431AA72B7AD58400B0EF80 /* MovieDetailView.swift */; };
		25431AAA2B7AD7B500B0EF80 /* MovieRatingView.swift in Sources */ = {isa = PBXBuildFile; fileRef = 25431AA92B7AD7B500B0EF80 /* MovieRatingView.swift */; };
		25431AAD2B7ADBE200B0EF80 /* EditableListView.swift in Sources */ = {isa = PBXBuildFile; fileRef = 25431AAC2B7ADBE200B0EF80 /* EditableListView.swift */; };
		25431AB02B7AEA5500B0EF80 /* GesturesDemoView.swift in Sources */ = {isa = PBXBuildFile; fileRef = 25431AAF2B7AEA5500B0EF80 /* GesturesDemoView.swift */; };
/* End PBXBuildFile section */

/* Begin PBXContainerItemProxy section */
		25431A752B7AA53B00B0EF80 /* PBXContainerItemProxy */ = {
			isa = PBXContainerItemProxy;
			containerPortal = 25431A5C2B7AA53700B0EF80 /* Project object */;
			proxyType = 1;
			remoteGlobalIDString = 25431A632B7AA53700B0EF80;
			remoteInfo = "swiftui-snippets";
		};
		25431A7F2B7AA53B00B0EF80 /* PBXContainerItemProxy */ = {
			isa = PBXContainerItemProxy;
			containerPortal = 25431A5C2B7AA53700B0EF80 /* Project object */;
			proxyType = 1;
			remoteGlobalIDString = 25431A632B7AA53700B0EF80;
			remoteInfo = "swiftui-snippets";
		};
/* End PBXContainerItemProxy section */

/* Begin PBXFileReference section */
		25431A642B7AA53700B0EF80 /* swiftui-snippets.app */ = {isa = PBXFileReference; explicitFileType = wrapper.application; includeInIndex = 0; path = "swiftui-snippets.app"; sourceTree = BUILT_PRODUCTS_DIR; };
		25431A672B7AA53700B0EF80 /* swiftui_snippetsApp.swift */ = {isa = PBXFileReference; lastKnownFileType = sourcecode.swift; path = swiftui_snippetsApp.swift; sourceTree = "<group>"; };
		25431A692B7AA53700B0EF80 /* ContentView.swift */ = {isa = PBXFileReference; lastKnownFileType = sourcecode.swift; path = ContentView.swift; sourceTree = "<group>"; };
		25431A6B2B7AA53B00B0EF80 /* Assets.xcassets */ = {isa = PBXFileReference; lastKnownFileType = folder.assetcatalog; path = Assets.xcassets; sourceTree = "<group>"; };
		25431A6E2B7AA53B00B0EF80 /* Preview Assets.xcassets */ = {isa = PBXFileReference; lastKnownFileType = folder.assetcatalog; path = "Preview Assets.xcassets"; sourceTree = "<group>"; };
		25431A742B7AA53B00B0EF80 /* swiftui-snippetsTests.xctest */ = {isa = PBXFileReference; explicitFileType = wrapper.cfbundle; includeInIndex = 0; path = "swiftui-snippetsTests.xctest"; sourceTree = BUILT_PRODUCTS_DIR; };
		25431A782B7AA53B00B0EF80 /* swiftui_snippetsTests.swift */ = {isa = PBXFileReference; lastKnownFileType = sourcecode.swift; path = swiftui_snippetsTests.swift; sourceTree = "<group>"; };
		25431A7E2B7AA53B00B0EF80 /* swiftui-snippetsUITests.xctest */ = {isa = PBXFileReference; explicitFileType = wrapper.cfbundle; includeInIndex = 0; path = "swiftui-snippetsUITests.xctest"; sourceTree = BUILT_PRODUCTS_DIR; };
		25431A822B7AA53B00B0EF80 /* swiftui_snippetsUITests.swift */ = {isa = PBXFileReference; lastKnownFileType = sourcecode.swift; path = swiftui_snippetsUITests.swift; sourceTree = "<group>"; };
		25431A842B7AA53B00B0EF80 /* swiftui_snippetsUITestsLaunchTests.swift */ = {isa = PBXFileReference; lastKnownFileType = sourcecode.swift; path = swiftui_snippetsUITestsLaunchTests.swift; sourceTree = "<group>"; };
		25431A922B7AA64F00B0EF80 /* User.swift */ = {isa = PBXFileReference; lastKnownFileType = sourcecode.swift; path = User.swift; sourceTree = "<group>"; };
		25431A942B7AA66100B0EF80 /* UserRegistrationViewModel.swift */ = {isa = PBXFileReference; lastKnownFileType = sourcecode.swift; path = UserRegistrationViewModel.swift; sourceTree = "<group>"; };
		25431A982B7AA68A00B0EF80 /* UserRegistrationView.swift */ = {isa = PBXFileReference; lastKnownFileType = sourcecode.swift; path = UserRegistrationView.swift; sourceTree = "<group>"; };
		25431A9A2B7AA6A200B0EF80 /* RegistrationService.swift */ = {isa = PBXFileReference; lastKnownFileType = sourcecode.swift; path = RegistrationService.swift; sourceTree = "<group>"; };
		25431A9D2B7ABF5100B0EF80 /* MoviesService.swift */ = {isa = PBXFileReference; lastKnownFileType = sourcecode.swift; path = MoviesService.swift; sourceTree = "<group>"; };
		25431A9F2B7ABF6600B0EF80 /* Movie.swift */ = {isa = PBXFileReference; lastKnownFileType = sourcecode.swift; path = Movie.swift; sourceTree = "<group>"; };
		25431AA12B7AC1D500B0EF80 /* MoviesListViewModel.swift */ = {isa = PBXFileReference; lastKnownFileType = sourcecode.swift; path = MoviesListViewModel.swift; sourceTree = "<group>"; };
		25431AA32B7AC92800B0EF80 /* MoviesListView.swift */ = {isa = PBXFileReference; lastKnownFileType = sourcecode.swift; path = MoviesListView.swift; sourceTree = "<group>"; };
		25431AA72B7AD58400B0EF80 /* MovieDetailView.swift */ = {isa = PBXFileReference; lastKnownFileType = sourcecode.swift; path = MovieDetailView.swift; sourceTree = "<group>"; };
		25431AA92B7AD7B500B0EF80 /* MovieRatingView.swift */ = {isa = PBXFileReference; lastKnownFileType = sourcecode.swift; path = MovieRatingView.swift; sourceTree = "<group>"; };
		25431AAC2B7ADBE200B0EF80 /* EditableListView.swift */ = {isa = PBXFileReference; lastKnownFileType = sourcecode.swift; path = EditableListView.swift; sourceTree = "<group>"; };
		25431AAF2B7AEA5500B0EF80 /* GesturesDemoView.swift */ = {isa = PBXFileReference; lastKnownFileType = sourcecode.swift; path = GesturesDemoView.swift; sourceTree = "<group>"; };
/* End PBXFileReference section */

/* Begin PBXFrameworksBuildPhase section */
		25431A612B7AA53700B0EF80 /* Frameworks */ = {
			isa = PBXFrameworksBuildPhase;
			buildActionMask = 2147483647;
			files = (
			);
			runOnlyForDeploymentPostprocessing = 0;
		};
		25431A712B7AA53B00B0EF80 /* Frameworks */ = {
			isa = PBXFrameworksBuildPhase;
			buildActionMask = 2147483647;
			files = (
			);
			runOnlyForDeploymentPostprocessing = 0;
		};
		25431A7B2B7AA53B00B0EF80 /* Frameworks */ = {
			isa = PBXFrameworksBuildPhase;
			buildActionMask = 2147483647;
			files = (
			);
			runOnlyForDeploymentPostprocessing = 0;
		};
/* End PBXFrameworksBuildPhase section */

/* Begin PBXGroup section */
		25431A5B2B7AA53700B0EF80 = {
			isa = PBXGroup;
			children = (
				25431A662B7AA53700B0EF80 /* swiftui-snippets */,
				25431A772B7AA53B00B0EF80 /* swiftui-snippetsTests */,
				25431A812B7AA53B00B0EF80 /* swiftui-snippetsUITests */,
				25431A652B7AA53700B0EF80 /* Products */,
			);
			sourceTree = "<group>";
		};
		25431A652B7AA53700B0EF80 /* Products */ = {
			isa = PBXGroup;
			children = (
				25431A642B7AA53700B0EF80 /* swiftui-snippets.app */,
				25431A742B7AA53B00B0EF80 /* swiftui-snippetsTests.xctest */,
				25431A7E2B7AA53B00B0EF80 /* swiftui-snippetsUITests.xctest */,
			);
			name = Products;
			sourceTree = "<group>";
		};
		25431A662B7AA53700B0EF80 /* swiftui-snippets */ = {
			isa = PBXGroup;
			children = (
				25431A672B7AA53700B0EF80 /* swiftui_snippetsApp.swift */,
				25431A912B7AA62D00B0EF80 /* MVVM */,
				25431A9C2B7ABF1900B0EF80 /* List and Detail views */,
				25431AAB2B7ADBD000B0EF80 /* Edit Mode */,
				25431AAE2B7AE5DA00B0EF80 /* Gestures */,
				25431A692B7AA53700B0EF80 /* ContentView.swift */,
				25431A6B2B7AA53B00B0EF80 /* Assets.xcassets */,
				25431A6D2B7AA53B00B0EF80 /* Preview Content */,
			);
			path = "swiftui-snippets";
			sourceTree = "<group>";
		};
		25431A6D2B7AA53B00B0EF80 /* Preview Content */ = {
			isa = PBXGroup;
			children = (
				25431A6E2B7AA53B00B0EF80 /* Preview Assets.xcassets */,
			);
			path = "Preview Content";
			sourceTree = "<group>";
		};
		25431A772B7AA53B00B0EF80 /* swiftui-snippetsTests */ = {
			isa = PBXGroup;
			children = (
				25431A782B7AA53B00B0EF80 /* swiftui_snippetsTests.swift */,
			);
			path = "swiftui-snippetsTests";
			sourceTree = "<group>";
		};
		25431A812B7AA53B00B0EF80 /* swiftui-snippetsUITests */ = {
			isa = PBXGroup;
			children = (
				25431A822B7AA53B00B0EF80 /* swiftui_snippetsUITests.swift */,
				25431A842B7AA53B00B0EF80 /* swiftui_snippetsUITestsLaunchTests.swift */,
			);
			path = "swiftui-snippetsUITests";
			sourceTree = "<group>";
		};
		25431A912B7AA62D00B0EF80 /* MVVM */ = {
			isa = PBXGroup;
			children = (
				25431A922B7AA64F00B0EF80 /* User.swift */,
				25431A942B7AA66100B0EF80 /* UserRegistrationViewModel.swift */,
				25431A982B7AA68A00B0EF80 /* UserRegistrationView.swift */,
				25431A9A2B7AA6A200B0EF80 /* RegistrationService.swift */,
			);
			path = MVVM;
			sourceTree = "<group>";
		};
		25431A9C2B7ABF1900B0EF80 /* List and Detail views */ = {
			isa = PBXGroup;
			children = (
				25431A9F2B7ABF6600B0EF80 /* Movie.swift */,
				25431A9D2B7ABF5100B0EF80 /* MoviesService.swift */,
				25431AA52B7AC92F00B0EF80 /* List */,
				25431AA62B7AC93400B0EF80 /* Detail */,
			);
			path = "List and Detail views";
			sourceTree = "<group>";
		};
		25431AA52B7AC92F00B0EF80 /* List */ = {
			isa = PBXGroup;
			children = (
				25431AA12B7AC1D500B0EF80 /* MoviesListViewModel.swift */,
				25431AA32B7AC92800B0EF80 /* MoviesListView.swift */,
			);
			path = List;
			sourceTree = "<group>";
		};
		25431AA62B7AC93400B0EF80 /* Detail */ = {
			isa = PBXGroup;
			children = (
				25431AA72B7AD58400B0EF80 /* MovieDetailView.swift */,
				25431AA92B7AD7B500B0EF80 /* MovieRatingView.swift */,
			);
			path = Detail;
			sourceTree = "<group>";
		};
		25431AAB2B7ADBD000B0EF80 /* Edit Mode */ = {
			isa = PBXGroup;
			children = (
				25431AAC2B7ADBE200B0EF80 /* EditableListView.swift */,
			);
			path = "Edit Mode";
			sourceTree = "<group>";
		};
		25431AAE2B7AE5DA00B0EF80 /* Gestures */ = {
			isa = PBXGroup;
			children = (
				25431AAF2B7AEA5500B0EF80 /* GesturesDemoView.swift */,
			);
			path = Gestures;
			sourceTree = "<group>";
		};
/* End PBXGroup section */

/* Begin PBXNativeTarget section */
		25431A632B7AA53700B0EF80 /* swiftui-snippets */ = {
			isa = PBXNativeTarget;
			buildConfigurationList = 25431A882B7AA53B00B0EF80 /* Build configuration list for PBXNativeTarget "swiftui-snippets" */;
			buildPhases = (
				25431A602B7AA53700B0EF80 /* Sources */,
				25431A612B7AA53700B0EF80 /* Frameworks */,
				25431A622B7AA53700B0EF80 /* Resources */,
			);
			buildRules = (
			);
			dependencies = (
			);
			name = "swiftui-snippets";
			productName = "swiftui-snippets";
			productReference = 25431A642B7AA53700B0EF80 /* swiftui-snippets.app */;
			productType = "com.apple.product-type.application";
		};
		25431A732B7AA53B00B0EF80 /* swiftui-snippetsTests */ = {
			isa = PBXNativeTarget;
			buildConfigurationList = 25431A8B2B7AA53B00B0EF80 /* Build configuration list for PBXNativeTarget "swiftui-snippetsTests" */;
			buildPhases = (
				25431A702B7AA53B00B0EF80 /* Sources */,
				25431A712B7AA53B00B0EF80 /* Frameworks */,
				25431A722B7AA53B00B0EF80 /* Resources */,
			);
			buildRules = (
			);
			dependencies = (
				25431A762B7AA53B00B0EF80 /* PBXTargetDependency */,
			);
			name = "swiftui-snippetsTests";
			productName = "swiftui-snippetsTests";
			productReference = 25431A742B7AA53B00B0EF80 /* swiftui-snippetsTests.xctest */;
			productType = "com.apple.product-type.bundle.unit-test";
		};
		25431A7D2B7AA53B00B0EF80 /* swiftui-snippetsUITests */ = {
			isa = PBXNativeTarget;
			buildConfigurationList = 25431A8E2B7AA53B00B0EF80 /* Build configuration list for PBXNativeTarget "swiftui-snippetsUITests" */;
			buildPhases = (
				25431A7A2B7AA53B00B0EF80 /* Sources */,
				25431A7B2B7AA53B00B0EF80 /* Frameworks */,
				25431A7C2B7AA53B00B0EF80 /* Resources */,
			);
			buildRules = (
			);
			dependencies = (
				25431A802B7AA53B00B0EF80 /* PBXTargetDependency */,
			);
			name = "swiftui-snippetsUITests";
			productName = "swiftui-snippetsUITests";
			productReference = 25431A7E2B7AA53B00B0EF80 /* swiftui-snippetsUITests.xctest */;
			productType = "com.apple.product-type.bundle.ui-testing";
		};
/* End PBXNativeTarget section */

/* Begin PBXProject section */
		25431A5C2B7AA53700B0EF80 /* Project object */ = {
			isa = PBXProject;
			attributes = {
				BuildIndependentTargetsInParallel = 1;
				LastSwiftUpdateCheck = 1500;
				LastUpgradeCheck = 1500;
				TargetAttributes = {
					25431A632B7AA53700B0EF80 = {
						CreatedOnToolsVersion = 15.0;
					};
					25431A732B7AA53B00B0EF80 = {
						CreatedOnToolsVersion = 15.0;
						TestTargetID = 25431A632B7AA53700B0EF80;
					};
					25431A7D2B7AA53B00B0EF80 = {
						CreatedOnToolsVersion = 15.0;
						TestTargetID = 25431A632B7AA53700B0EF80;
					};
				};
			};
			buildConfigurationList = 25431A5F2B7AA53700B0EF80 /* Build configuration list for PBXProject "swiftui-snippets" */;
			compatibilityVersion = "Xcode 14.0";
			developmentRegion = en;
			hasScannedForEncodings = 0;
			knownRegions = (
				en,
				Base,
			);
			mainGroup = 25431A5B2B7AA53700B0EF80;
			productRefGroup = 25431A652B7AA53700B0EF80 /* Products */;
			projectDirPath = "";
			projectRoot = "";
			targets = (
				25431A632B7AA53700B0EF80 /* swiftui-snippets */,
				25431A732B7AA53B00B0EF80 /* swiftui-snippetsTests */,
				25431A7D2B7AA53B00B0EF80 /* swiftui-snippetsUITests */,
			);
		};
/* End PBXProject section */

/* Begin PBXResourcesBuildPhase section */
		25431A622B7AA53700B0EF80 /* Resources */ = {
			isa = PBXResourcesBuildPhase;
			buildActionMask = 2147483647;
			files = (
				25431A6F2B7AA53B00B0EF80 /* Preview Assets.xcassets in Resources */,
				25431A6C2B7AA53B00B0EF80 /* Assets.xcassets in Resources */,
			);
			runOnlyForDeploymentPostprocessing = 0;
		};
		25431A722B7AA53B00B0EF80 /* Resources */ = {
			isa = PBXResourcesBuildPhase;
			buildActionMask = 2147483647;
			files = (
			);
			runOnlyForDeploymentPostprocessing = 0;
		};
		25431A7C2B7AA53B00B0EF80 /* Resources */ = {
			isa = PBXResourcesBuildPhase;
			buildActionMask = 2147483647;
			files = (
			);
			runOnlyForDeploymentPostprocessing = 0;
		};
/* End PBXResourcesBuildPhase section */

/* Begin PBXSourcesBuildPhase section */
		25431A602B7AA53700B0EF80 /* Sources */ = {
			isa = PBXSourcesBuildPhase;
			buildActionMask = 2147483647;
			files = (
				25431A952B7AA66100B0EF80 /* UserRegistrationViewModel.swift in Sources */,
				25431A6A2B7AA53700B0EF80 /* ContentView.swift in Sources */,
				25431AAD2B7ADBE200B0EF80 /* EditableListView.swift in Sources */,
				25431A682B7AA53700B0EF80 /* swiftui_snippetsApp.swift in Sources */,
				25431AA22B7AC1D500B0EF80 /* MoviesListViewModel.swift in Sources */,
				25431A932B7AA64F00B0EF80 /* User.swift in Sources */,
				25431AA42B7AC92800B0EF80 /* MoviesListView.swift in Sources */,
				25431A9E2B7ABF5100B0EF80 /* MoviesService.swift in Sources */,
				25431A9B2B7AA6A200B0EF80 /* RegistrationService.swift in Sources */,
				25431AAA2B7AD7B500B0EF80 /* MovieRatingView.swift in Sources */,
				25431AA02B7ABF6600B0EF80 /* Movie.swift in Sources */,
				25431A992B7AA68A00B0EF80 /* UserRegistrationView.swift in Sources */,
				25431AA82B7AD58400B0EF80 /* MovieDetailView.swift in Sources */,
				25431AB02B7AEA5500B0EF80 /* GesturesDemoView.swift in Sources */,
			);
			runOnlyForDeploymentPostprocessing = 0;
		};
		25431A702B7AA53B00B0EF80 /* Sources */ = {
			isa = PBXSourcesBuildPhase;
			buildActionMask = 2147483647;
			files = (
				25431A792B7AA53B00B0EF80 /* swiftui_snippetsTests.swift in Sources */,
			);
			runOnlyForDeploymentPostprocessing = 0;
		};
		25431A7A2B7AA53B00B0EF80 /* Sources */ = {
			isa = PBXSourcesBuildPhase;
			buildActionMask = 2147483647;
			files = (
				25431A852B7AA53B00B0EF80 /* swiftui_snippetsUITestsLaunchTests.swift in Sources */,
				25431A832B7AA53B00B0EF80 /* swiftui_snippetsUITests.swift in Sources */,
			);
			runOnlyForDeploymentPostprocessing = 0;
		};
/* End PBXSourcesBuildPhase section */

/* Begin PBXTargetDependency section */
		25431A762B7AA53B00B0EF80 /* PBXTargetDependency */ = {
			isa = PBXTargetDependency;
			target = 25431A632B7AA53700B0EF80 /* swiftui-snippets */;
			targetProxy = 25431A752B7AA53B00B0EF80 /* PBXContainerItemProxy */;
		};
		25431A802B7AA53B00B0EF80 /* PBXTargetDependency */ = {
			isa = PBXTargetDependency;
			target = 25431A632B7AA53700B0EF80 /* swiftui-snippets */;
			targetProxy = 25431A7F2B7AA53B00B0EF80 /* PBXContainerItemProxy */;
		};
/* End PBXTargetDependency section */

/* Begin XCBuildConfiguration section */
		25431A862B7AA53B00B0EF80 /* Debug */ = {
			isa = XCBuildConfiguration;
			buildSettings = {
				ALWAYS_SEARCH_USER_PATHS = NO;
				ASSETCATALOG_COMPILER_GENERATE_SWIFT_ASSET_SYMBOL_EXTENSIONS = YES;
				CLANG_ANALYZER_NONNULL = YES;
				CLANG_ANALYZER_NUMBER_OBJECT_CONVERSION = YES_AGGRESSIVE;
				CLANG_CXX_LANGUAGE_STANDARD = "gnu++20";
				CLANG_ENABLE_MODULES = YES;
				CLANG_ENABLE_OBJC_ARC = YES;
				CLANG_ENABLE_OBJC_WEAK = YES;
				CLANG_WARN_BLOCK_CAPTURE_AUTORELEASING = YES;
				CLANG_WARN_BOOL_CONVERSION = YES;
				CLANG_WARN_COMMA = YES;
				CLANG_WARN_CONSTANT_CONVERSION = YES;
				CLANG_WARN_DEPRECATED_OBJC_IMPLEMENTATIONS = YES;
				CLANG_WARN_DIRECT_OBJC_ISA_USAGE = YES_ERROR;
				CLANG_WARN_DOCUMENTATION_COMMENTS = YES;
				CLANG_WARN_EMPTY_BODY = YES;
				CLANG_WARN_ENUM_CONVERSION = YES;
				CLANG_WARN_INFINITE_RECURSION = YES;
				CLANG_WARN_INT_CONVERSION = YES;
				CLANG_WARN_NON_LITERAL_NULL_CONVERSION = YES;
				CLANG_WARN_OBJC_IMPLICIT_RETAIN_SELF = YES;
				CLANG_WARN_OBJC_LITERAL_CONVERSION = YES;
				CLANG_WARN_OBJC_ROOT_CLASS = YES_ERROR;
				CLANG_WARN_QUOTED_INCLUDE_IN_FRAMEWORK_HEADER = YES;
				CLANG_WARN_RANGE_LOOP_ANALYSIS = YES;
				CLANG_WARN_STRICT_PROTOTYPES = YES;
				CLANG_WARN_SUSPICIOUS_MOVE = YES;
				CLANG_WARN_UNGUARDED_AVAILABILITY = YES_AGGRESSIVE;
				CLANG_WARN_UNREACHABLE_CODE = YES;
				CLANG_WARN__DUPLICATE_METHOD_MATCH = YES;
				COPY_PHASE_STRIP = NO;
				DEBUG_INFORMATION_FORMAT = dwarf;
				ENABLE_STRICT_OBJC_MSGSEND = YES;
				ENABLE_TESTABILITY = YES;
				ENABLE_USER_SCRIPT_SANDBOXING = YES;
				GCC_C_LANGUAGE_STANDARD = gnu17;
				GCC_DYNAMIC_NO_PIC = NO;
				GCC_NO_COMMON_BLOCKS = YES;
				GCC_OPTIMIZATION_LEVEL = 0;
				GCC_PREPROCESSOR_DEFINITIONS = (
					"DEBUG=1",
					"$(inherited)",
				);
				GCC_WARN_64_TO_32_BIT_CONVERSION = YES;
				GCC_WARN_ABOUT_RETURN_TYPE = YES_ERROR;
				GCC_WARN_UNDECLARED_SELECTOR = YES;
				GCC_WARN_UNINITIALIZED_AUTOS = YES_AGGRESSIVE;
				GCC_WARN_UNUSED_FUNCTION = YES;
				GCC_WARN_UNUSED_VARIABLE = YES;
				IPHONEOS_DEPLOYMENT_TARGET = 17.0;
				LOCALIZATION_PREFERS_STRING_CATALOGS = YES;
				MTL_ENABLE_DEBUG_INFO = INCLUDE_SOURCE;
				MTL_FAST_MATH = YES;
				ONLY_ACTIVE_ARCH = YES;
				SDKROOT = iphoneos;
				SWIFT_ACTIVE_COMPILATION_CONDITIONS = "DEBUG $(inherited)";
				SWIFT_OPTIMIZATION_LEVEL = "-Onone";
			};
			name = Debug;
		};
		25431A872B7AA53B00B0EF80 /* Release */ = {
			isa = XCBuildConfiguration;
			buildSettings = {
				ALWAYS_SEARCH_USER_PATHS = NO;
				ASSETCATALOG_COMPILER_GENERATE_SWIFT_ASSET_SYMBOL_EXTENSIONS = YES;
				CLANG_ANALYZER_NONNULL = YES;
				CLANG_ANALYZER_NUMBER_OBJECT_CONVERSION = YES_AGGRESSIVE;
				CLANG_CXX_LANGUAGE_STANDARD = "gnu++20";
				CLANG_ENABLE_MODULES = YES;
				CLANG_ENABLE_OBJC_ARC = YES;
				CLANG_ENABLE_OBJC_WEAK = YES;
				CLANG_WARN_BLOCK_CAPTURE_AUTORELEASING = YES;
				CLANG_WARN_BOOL_CONVERSION = YES;
				CLANG_WARN_COMMA = YES;
				CLANG_WARN_CONSTANT_CONVERSION = YES;
				CLANG_WARN_DEPRECATED_OBJC_IMPLEMENTATIONS = YES;
				CLANG_WARN_DIRECT_OBJC_ISA_USAGE = YES_ERROR;
				CLANG_WARN_DOCUMENTATION_COMMENTS = YES;
				CLANG_WARN_EMPTY_BODY = YES;
				CLANG_WARN_ENUM_CONVERSION = YES;
				CLANG_WARN_INFINITE_RECURSION = YES;
				CLANG_WARN_INT_CONVERSION = YES;
				CLANG_WARN_NON_LITERAL_NULL_CONVERSION = YES;
				CLANG_WARN_OBJC_IMPLICIT_RETAIN_SELF = YES;
				CLANG_WARN_OBJC_LITERAL_CONVERSION = YES;
				CLANG_WARN_OBJC_ROOT_CLASS = YES_ERROR;
				CLANG_WARN_QUOTED_INCLUDE_IN_FRAMEWORK_HEADER = YES;
				CLANG_WARN_RANGE_LOOP_ANALYSIS = YES;
				CLANG_WARN_STRICT_PROTOTYPES = YES;
				CLANG_WARN_SUSPICIOUS_MOVE = YES;
				CLANG_WARN_UNGUARDED_AVAILABILITY = YES_AGGRESSIVE;
				CLANG_WARN_UNREACHABLE_CODE = YES;
				CLANG_WARN__DUPLICATE_METHOD_MATCH = YES;
				COPY_PHASE_STRIP = NO;
				DEBUG_INFORMATION_FORMAT = "dwarf-with-dsym";
				ENABLE_NS_ASSERTIONS = NO;
				ENABLE_STRICT_OBJC_MSGSEND = YES;
				ENABLE_USER_SCRIPT_SANDBOXING = YES;
				GCC_C_LANGUAGE_STANDARD = gnu17;
				GCC_NO_COMMON_BLOCKS = YES;
				GCC_WARN_64_TO_32_BIT_CONVERSION = YES;
				GCC_WARN_ABOUT_RETURN_TYPE = YES_ERROR;
				GCC_WARN_UNDECLARED_SELECTOR = YES;
				GCC_WARN_UNINITIALIZED_AUTOS = YES_AGGRESSIVE;
				GCC_WARN_UNUSED_FUNCTION = YES;
				GCC_WARN_UNUSED_VARIABLE = YES;
				IPHONEOS_DEPLOYMENT_TARGET = 17.0;
				LOCALIZATION_PREFERS_STRING_CATALOGS = YES;
				MTL_ENABLE_DEBUG_INFO = NO;
				MTL_FAST_MATH = YES;
				SDKROOT = iphoneos;
				SWIFT_COMPILATION_MODE = wholemodule;
				VALIDATE_PRODUCT = YES;
			};
			name = Release;
		};
		25431A892B7AA53B00B0EF80 /* Debug */ = {
			isa = XCBuildConfiguration;
			buildSettings = {
				ASSETCATALOG_COMPILER_APPICON_NAME = AppIcon;
				ASSETCATALOG_COMPILER_GLOBAL_ACCENT_COLOR_NAME = AccentColor;
				CODE_SIGN_STYLE = Automatic;
				CURRENT_PROJECT_VERSION = 1;
				DEVELOPMENT_ASSET_PATHS = "\"swiftui-snippets/Preview Content\"";
				DEVELOPMENT_TEAM = XCLMBC27FD;
				ENABLE_PREVIEWS = YES;
				GENERATE_INFOPLIST_FILE = YES;
				INFOPLIST_KEY_UIApplicationSceneManifest_Generation = YES;
				INFOPLIST_KEY_UIApplicationSupportsIndirectInputEvents = YES;
				INFOPLIST_KEY_UILaunchScreen_Generation = YES;
				INFOPLIST_KEY_UISupportedInterfaceOrientations_iPad = "UIInterfaceOrientationPortrait UIInterfaceOrientationPortraitUpsideDown UIInterfaceOrientationLandscapeLeft UIInterfaceOrientationLandscapeRight";
				INFOPLIST_KEY_UISupportedInterfaceOrientations_iPhone = "UIInterfaceOrientationPortrait UIInterfaceOrientationLandscapeLeft UIInterfaceOrientationLandscapeRight";
				LD_RUNPATH_SEARCH_PATHS = (
					"$(inherited)",
					"@executable_path/Frameworks",
				);
				MARKETING_VERSION = 1.0;
				PRODUCT_BUNDLE_IDENTIFIER = "me.mitrovic.milos.swiftui-snippets";
				PRODUCT_NAME = "$(TARGET_NAME)";
				SWIFT_EMIT_LOC_STRINGS = YES;
				SWIFT_VERSION = 5.0;
				TARGETED_DEVICE_FAMILY = "1,2";
			};
			name = Debug;
		};
		25431A8A2B7AA53B00B0EF80 /* Release */ = {
			isa = XCBuildConfiguration;
			buildSettings = {
				ASSETCATALOG_COMPILER_APPICON_NAME = AppIcon;
				ASSETCATALOG_COMPILER_GLOBAL_ACCENT_COLOR_NAME = AccentColor;
				CODE_SIGN_STYLE = Automatic;
				CURRENT_PROJECT_VERSION = 1;
				DEVELOPMENT_ASSET_PATHS = "\"swiftui-snippets/Preview Content\"";
				DEVELOPMENT_TEAM = XCLMBC27FD;
				ENABLE_PREVIEWS = YES;
				GENERATE_INFOPLIST_FILE = YES;
				INFOPLIST_KEY_UIApplicationSceneManifest_Generation = YES;
				INFOPLIST_KEY_UIApplicationSupportsIndirectInputEvents = YES;
				INFOPLIST_KEY_UILaunchScreen_Generation = YES;
				INFOPLIST_KEY_UISupportedInterfaceOrientations_iPad = "UIInterfaceOrientationPortrait UIInterfaceOrientationPortraitUpsideDown UIInterfaceOrientationLandscapeLeft UIInterfaceOrientationLandscapeRight";
				INFOPLIST_KEY_UISupportedInterfaceOrientations_iPhone = "UIInterfaceOrientationPortrait UIInterfaceOrientationLandscapeLeft UIInterfaceOrientationLandscapeRight";
				LD_RUNPATH_SEARCH_PATHS = (
					"$(inherited)",
					"@executable_path/Frameworks",
				);
				MARKETING_VERSION = 1.0;
				PRODUCT_BUNDLE_IDENTIFIER = "me.mitrovic.milos.swiftui-snippets";
				PRODUCT_NAME = "$(TARGET_NAME)";
				SWIFT_EMIT_LOC_STRINGS = YES;
				SWIFT_VERSION = 5.0;
				TARGETED_DEVICE_FAMILY = "1,2";
			};
			name = Release;
		};
		25431A8C2B7AA53B00B0EF80 /* Debug */ = {
			isa = XCBuildConfiguration;
			buildSettings = {
				ALWAYS_EMBED_SWIFT_STANDARD_LIBRARIES = YES;
				BUNDLE_LOADER = "$(TEST_HOST)";
				CODE_SIGN_STYLE = Automatic;
				CURRENT_PROJECT_VERSION = 1;
				DEVELOPMENT_TEAM = XCLMBC27FD;
				GENERATE_INFOPLIST_FILE = YES;
				IPHONEOS_DEPLOYMENT_TARGET = 17.0;
				MARKETING_VERSION = 1.0;
				PRODUCT_BUNDLE_IDENTIFIER = "me.mitrovic.milos.swiftui-snippetsTests";
				PRODUCT_NAME = "$(TARGET_NAME)";
				SWIFT_EMIT_LOC_STRINGS = NO;
				SWIFT_VERSION = 5.0;
				TARGETED_DEVICE_FAMILY = "1,2";
				TEST_HOST = "$(BUILT_PRODUCTS_DIR)/swiftui-snippets.app/$(BUNDLE_EXECUTABLE_FOLDER_PATH)/swiftui-snippets";
			};
			name = Debug;
		};
		25431A8D2B7AA53B00B0EF80 /* Release */ = {
			isa = XCBuildConfiguration;
			buildSettings = {
				ALWAYS_EMBED_SWIFT_STANDARD_LIBRARIES = YES;
				BUNDLE_LOADER = "$(TEST_HOST)";
				CODE_SIGN_STYLE = Automatic;
				CURRENT_PROJECT_VERSION = 1;
				DEVELOPMENT_TEAM = XCLMBC27FD;
				GENERATE_INFOPLIST_FILE = YES;
				IPHONEOS_DEPLOYMENT_TARGET = 17.0;
				MARKETING_VERSION = 1.0;
				PRODUCT_BUNDLE_IDENTIFIER = "me.mitrovic.milos.swiftui-snippetsTests";
				PRODUCT_NAME = "$(TARGET_NAME)";
				SWIFT_EMIT_LOC_STRINGS = NO;
				SWIFT_VERSION = 5.0;
				TARGETED_DEVICE_FAMILY = "1,2";
				TEST_HOST = "$(BUILT_PRODUCTS_DIR)/swiftui-snippets.app/$(BUNDLE_EXECUTABLE_FOLDER_PATH)/swiftui-snippets";
			};
			name = Release;
		};
		25431A8F2B7AA53B00B0EF80 /* Debug */ = {
			isa = XCBuildConfiguration;
			buildSettings = {
				ALWAYS_EMBED_SWIFT_STANDARD_LIBRARIES = YES;
				CODE_SIGN_STYLE = Automatic;
				CURRENT_PROJECT_VERSION = 1;
				DEVELOPMENT_TEAM = XCLMBC27FD;
				GENERATE_INFOPLIST_FILE = YES;
				MARKETING_VERSION = 1.0;
				PRODUCT_BUNDLE_IDENTIFIER = "me.mitrovic.milos.swiftui-snippetsUITests";
				PRODUCT_NAME = "$(TARGET_NAME)";
				SWIFT_EMIT_LOC_STRINGS = NO;
				SWIFT_VERSION = 5.0;
				TARGETED_DEVICE_FAMILY = "1,2";
				TEST_TARGET_NAME = "swiftui-snippets";
			};
			name = Debug;
		};
		25431A902B7AA53B00B0EF80 /* Release */ = {
			isa = XCBuildConfiguration;
			buildSettings = {
				ALWAYS_EMBED_SWIFT_STANDARD_LIBRARIES = YES;
				CODE_SIGN_STYLE = Automatic;
				CURRENT_PROJECT_VERSION = 1;
				DEVELOPMENT_TEAM = XCLMBC27FD;
				GENERATE_INFOPLIST_FILE = YES;
				MARKETING_VERSION = 1.0;
				PRODUCT_BUNDLE_IDENTIFIER = "me.mitrovic.milos.swiftui-snippetsUITests";
				PRODUCT_NAME = "$(TARGET_NAME)";
				SWIFT_EMIT_LOC_STRINGS = NO;
				SWIFT_VERSION = 5.0;
				TARGETED_DEVICE_FAMILY = "1,2";
				TEST_TARGET_NAME = "swiftui-snippets";
			};
			name = Release;
		};
/* End XCBuildConfiguration section */

/* Begin XCConfigurationList section */
		25431A5F2B7AA53700B0EF80 /* Build configuration list for PBXProject "swiftui-snippets" */ = {
			isa = XCConfigurationList;
			buildConfigurations = (
				25431A862B7AA53B00B0EF80 /* Debug */,
				25431A872B7AA53B00B0EF80 /* Release */,
			);
			defaultConfigurationIsVisible = 0;
			defaultConfigurationName = Release;
		};
		25431A882B7AA53B00B0EF80 /* Build configuration list for PBXNativeTarget "swiftui-snippets" */ = {
			isa = XCConfigurationList;
			buildConfigurations = (
				25431A892B7AA53B00B0EF80 /* Debug */,
				25431A8A2B7AA53B00B0EF80 /* Release */,
			);
			defaultConfigurationIsVisible = 0;
			defaultConfigurationName = Release;
		};
		25431A8B2B7AA53B00B0EF80 /* Build configuration list for PBXNativeTarget "swiftui-snippetsTests" */ = {
			isa = XCConfigurationList;
			buildConfigurations = (
				25431A8C2B7AA53B00B0EF80 /* Debug */,
				25431A8D2B7AA53B00B0EF80 /* Release */,
			);
			defaultConfigurationIsVisible = 0;
			defaultConfigurationName = Release;
		};
		25431A8E2B7AA53B00B0EF80 /* Build configuration list for PBXNativeTarget "swiftui-snippetsUITests" */ = {
			isa = XCConfigurationList;
			buildConfigurations = (
				25431A8F2B7AA53B00B0EF80 /* Debug */,
				25431A902B7AA53B00B0EF80 /* Release */,
			);
			defaultConfigurationIsVisible = 0;
			defaultConfigurationName = Release;
		};
/* End XCConfigurationList section */
	};
	rootObject = 25431A5C2B7AA53700B0EF80 /* Project object */;
}
