// !$*UTF8*$!
{
	archiveVersion = 1;
	classes = {
	};
	objectVersion = 56;
	objects = {

/* Begin PBXBuildFile section */
		253522782B7BDA1700F9DAA3 /* LandingPage.swift in Sources */ = {isa = PBXBuildFile; fileRef = 253522772B7BDA1700F9DAA3 /* LandingPage.swift */; };
		2535227A2B7C0BDE00F9DAA3 /* LandingPageItem.swift in Sources */ = {isa = PBXBuildFile; fileRef = 253522792B7C0BDE00F9DAA3 /* LandingPageItem.swift */; };
		2535227C2B7C0C2100F9DAA3 /* DismissableView.swift in Sources */ = {isa = PBXBuildFile; fileRef = 2535227B2B7C0C2100F9DAA3 /* DismissableView.swift */; };
		2535227E2B7C0EB700F9DAA3 /* RotatingImageView.swift in Sources */ = {isa = PBXBuildFile; fileRef = 2535227D2B7C0EB700F9DAA3 /* RotatingImageView.swift */; };
		253522832B7CC32B00F9DAA3 /* ScrollToOpen.swift in Sources */ = {isa = PBXBuildFile; fileRef = 253522822B7CC32B00F9DAA3 /* ScrollToOpen.swift */; };
		253B90BA2B8537C40094273A /* BarGraphView.swift in Sources */ = {isa = PBXBuildFile; fileRef = 253B90B92B8537C40094273A /* BarGraphView.swift */; };
		253B90BC2B8544860094273A /* GraphData.swift in Sources */ = {isa = PBXBuildFile; fileRef = 253B90BB2B8544860094273A /* GraphData.swift */; };
		253B90BF2B90EB9E0094273A /* Todo.swift in Sources */ = {isa = PBXBuildFile; fileRef = 253B90BE2B90EB9E0094273A /* Todo.swift */; };
		253B90C12B90EBB30094273A /* TodoRepository.swift in Sources */ = {isa = PBXBuildFile; fileRef = 253B90C02B90EBB30094273A /* TodoRepository.swift */; };
		253B90C42B90EBEB0094273A /* UserDefaultsRepository.swift in Sources */ = {isa = PBXBuildFile; fileRef = 253B90C32B90EBEB0094273A /* UserDefaultsRepository.swift */; };
		253B90C62B90EC130094273A /* TodoViewModel.swift in Sources */ = {isa = PBXBuildFile; fileRef = 253B90C52B90EC130094273A /* TodoViewModel.swift */; };
		253B90C82B90ECFC0094273A /* InMemoryRepository.swift in Sources */ = {isa = PBXBuildFile; fileRef = 253B90C72B90ECFC0094273A /* InMemoryRepository.swift */; };
		253B90CA2B90ED180094273A /* CoreDataRepository.swift in Sources */ = {isa = PBXBuildFile; fileRef = 253B90C92B90ED180094273A /* CoreDataRepository.swift */; };
		253B90D02B90EF2B0094273A /* TodoCoreDataModel.xcdatamodeld in Sources */ = {isa = PBXBuildFile; fileRef = 253B90CE2B90EF2B0094273A /* TodoCoreDataModel.xcdatamodeld */; };
		253B90D22B90EFC40094273A /* PersistenceController.swift in Sources */ = {isa = PBXBuildFile; fileRef = 253B90D12B90EFC40094273A /* PersistenceController.swift */; };
		253B90D42B90F06E0094273A /* TodoView.swift in Sources */ = {isa = PBXBuildFile; fileRef = 253B90D32B90F06E0094273A /* TodoView.swift */; };
		253B90D62B90F0850094273A /* TodoRow.swift in Sources */ = {isa = PBXBuildFile; fileRef = 253B90D52B90F0850094273A /* TodoRow.swift */; };
		25431A682B7AA53700B0EF80 /* swiftui_snippetsApp.swift in Sources */ = {isa = PBXBuildFile; fileRef = 25431A672B7AA53700B0EF80 /* swiftui_snippetsApp.swift */; };
		25431A6A2B7AA53700B0EF80 /* ContentView.swift in Sources */ = {isa = PBXBuildFile; fileRef = 25431A692B7AA53700B0EF80 /* ContentView.swift */; };
		25431A6C2B7AA53B00B0EF80 /* Assets.xcassets in Resources */ = {isa = PBXBuildFile; fileRef = 25431A6B2B7AA53B00B0EF80 /* Assets.xcassets */; };
		25431A6F2B7AA53B00B0EF80 /* Preview Assets.xcassets in Resources */ = {isa = PBXBuildFile; fileRef = 25431A6E2B7AA53B00B0EF80 /* Preview Assets.xcassets */; };
		25431A792B7AA53B00B0EF80 /* swiftui_snippetsTests.swift in Sources */ = {isa = PBXBuildFile; fileRef = 25431A782B7AA53B00B0EF80 /* swiftui_snippetsTests.swift */; };
		25431A832B7AA53B00B0EF80 /* swiftui_snippetsUITests.swift in Sources */ = {isa = PBXBuildFile; fileRef = 25431A822B7AA53B00B0EF80 /* swiftui_snippetsUITests.swift */; };
		25431A852B7AA53B00B0EF80 /* swiftui_snippetsUITestsLaunchTests.swift in Sources */ = {isa = PBXBuildFile; fileRef = 25431A842B7AA53B00B0EF80 /* swiftui_snippetsUITestsLaunchTests.swift */; };
		25431A932B7AA64F00B0EF80 /* User.swift in Sources */ = {isa = PBXBuildFile; fileRef = 25431A922B7AA64F00B0EF80 /* User.swift */; };
		25431A952B7AA66100B0EF80 /* UserRegistrationViewModel.swift in Sources */ = {isa = PBXBuildFile; fileRef = 25431A942B7AA66100B0EF80 /* UserRegistrationViewModel.swift */; };
		25431A992B7AA68A00B0EF80 /* UserRegistrationView.swift in Sources */ = {isa = PBXBuildFile; fileRef = 25431A982B7AA68A00B0EF80 /* UserRegistrationView.swift */; };
		25431A9B2B7AA6A200B0EF80 /* RegistrationService.swift in Sources */ = {isa = PBXBuildFile; fileRef = 25431A9A2B7AA6A200B0EF80 /* RegistrationService.swift */; };
		25431A9E2B7ABF5100B0EF80 /* MoviesService.swift in Sources */ = {isa = PBXBuildFile; fileRef = 25431A9D2B7ABF5100B0EF80 /* MoviesService.swift */; };
		25431AA02B7ABF6600B0EF80 /* Movie.swift in Sources */ = {isa = PBXBuildFile; fileRef = 25431A9F2B7ABF6600B0EF80 /* Movie.swift */; };
		25431AA22B7AC1D500B0EF80 /* MoviesListViewModel.swift in Sources */ = {isa = PBXBuildFile; fileRef = 25431AA12B7AC1D500B0EF80 /* MoviesListViewModel.swift */; };
		25431AA42B7AC92800B0EF80 /* MoviesListView.swift in Sources */ = {isa = PBXBuildFile; fileRef = 25431AA32B7AC92800B0EF80 /* MoviesListView.swift */; };
		25431AA82B7AD58400B0EF80 /* MovieDetailView.swift in Sources */ = {isa = PBXBuildFile; fileRef = 25431AA72B7AD58400B0EF80 /* MovieDetailView.swift */; };
		25431AAA2B7AD7B500B0EF80 /* MovieRatingView.swift in Sources */ = {isa = PBXBuildFile; fileRef = 25431AA92B7AD7B500B0EF80 /* MovieRatingView.swift */; };
		25431AAD2B7ADBE200B0EF80 /* EditableListView.swift in Sources */ = {isa = PBXBuildFile; fileRef = 25431AAC2B7ADBE200B0EF80 /* EditableListView.swift */; };
		25431AB02B7AEA5500B0EF80 /* GesturesDemoView.swift in Sources */ = {isa = PBXBuildFile; fileRef = 25431AAF2B7AEA5500B0EF80 /* GesturesDemoView.swift */; };
		25431AB32B7B970000B0EF80 /* LoginView.swift in Sources */ = {isa = PBXBuildFile; fileRef = 25431AB22B7B970000B0EF80 /* LoginView.swift */; };
		25431AB52B7B978200B0EF80 /* MainTabView.swift in Sources */ = {isa = PBXBuildFile; fileRef = 25431AB42B7B978200B0EF80 /* MainTabView.swift */; };
		25431AB72B7B979900B0EF80 /* FirstTabView.swift in Sources */ = {isa = PBXBuildFile; fileRef = 25431AB62B7B979900B0EF80 /* FirstTabView.swift */; };
		25431AB92B7B97A000B0EF80 /* SecondTabView.swift in Sources */ = {isa = PBXBuildFile; fileRef = 25431AB82B7B97A000B0EF80 /* SecondTabView.swift */; };
		25431ABD2B7B980300B0EF80 /* ModalViews.swift in Sources */ = {isa = PBXBuildFile; fileRef = 25431ABC2B7B980300B0EF80 /* ModalViews.swift */; };
/* End PBXBuildFile section */

/* Begin PBXContainerItemProxy section */
		25431A752B7AA53B00B0EF80 /* PBXContainerItemProxy */ = {
			isa = PBXContainerItemProxy;
			containerPortal = 25431A5C2B7AA53700B0EF80 /* Project object */;
			proxyType = 1;
			remoteGlobalIDString = 25431A632B7AA53700B0EF80;
			remoteInfo = "swiftui-snippets";
		};
		25431A7F2B7AA53B00B0EF80 /* PBXContainerItemProxy */ = {
			isa = PBXContainerItemProxy;
			containerPortal = 25431A5C2B7AA53700B0EF80 /* Project object */;
			proxyType = 1;
			remoteGlobalIDString = 25431A632B7AA53700B0EF80;
			remoteInfo = "swiftui-snippets";
		};
/* End PBXContainerItemProxy section */

/* Begin PBXFileReference section */
		253522772B7BDA1700F9DAA3 /* LandingPage.swift */ = {isa = PBXFileReference; lastKnownFileType = sourcecode.swift; path = LandingPage.swift; sourceTree = "<group>"; };
		253522792B7C0BDE00F9DAA3 /* LandingPageItem.swift */ = {isa = PBXFileReference; lastKnownFileType = sourcecode.swift; path = LandingPageItem.swift; sourceTree = "<group>"; };
		2535227B2B7C0C2100F9DAA3 /* DismissableView.swift */ = {isa = PBXFileReference; lastKnownFileType = sourcecode.swift; path = DismissableView.swift; sourceTree = "<group>"; };
		2535227D2B7C0EB700F9DAA3 /* RotatingImageView.swift */ = {isa = PBXFileReference; lastKnownFileType = sourcecode.swift; path = RotatingImageView.swift; sourceTree = "<group>"; };
		253522822B7CC32B00F9DAA3 /* ScrollToOpen.swift */ = {isa = PBXFileReference; lastKnownFileType = sourcecode.swift; path = ScrollToOpen.swift; sourceTree = "<group>"; };
		253B90B92B8537C40094273A /* BarGraphView.swift */ = {isa = PBXFileReference; lastKnownFileType = sourcecode.swift; path = BarGraphView.swift; sourceTree = "<group>"; };
		253B90BB2B8544860094273A /* GraphData.swift */ = {isa = PBXFileReference; lastKnownFileType = sourcecode.swift; path = GraphData.swift; sourceTree = "<group>"; };
		253B90BE2B90EB9E0094273A /* Todo.swift */ = {isa = PBXFileReference; lastKnownFileType = sourcecode.swift; path = Todo.swift; sourceTree = "<group>"; };
		253B90C02B90EBB30094273A /* TodoRepository.swift */ = {isa = PBXFileReference; lastKnownFileType = sourcecode.swift; path = TodoRepository.swift; sourceTree = "<group>"; };
		253B90C32B90EBEB0094273A /* UserDefaultsRepository.swift */ = {isa = PBXFileReference; lastKnownFileType = sourcecode.swift; path = UserDefaultsRepository.swift; sourceTree = "<group>"; };
		253B90C52B90EC130094273A /* TodoViewModel.swift */ = {isa = PBXFileReference; lastKnownFileType = sourcecode.swift; path = TodoViewModel.swift; sourceTree = "<group>"; };
		253B90C72B90ECFC0094273A /* InMemoryRepository.swift */ = {isa = PBXFileReference; lastKnownFileType = sourcecode.swift; path = InMemoryRepository.swift; sourceTree = "<group>"; };
		253B90C92B90ED180094273A /* CoreDataRepository.swift */ = {isa = PBXFileReference; lastKnownFileType = sourcecode.swift; path = CoreDataRepository.swift; sourceTree = "<group>"; };
		253B90CF2B90EF2B0094273A /* TodoCoreDataModel.xcdatamodel */ = {isa = PBXFileReference; lastKnownFileType = wrapper.xcdatamodel; path = TodoCoreDataModel.xcdatamodel; sourceTree = "<group>"; };
		253B90D12B90EFC40094273A /* PersistenceController.swift */ = {isa = PBXFileReference; lastKnownFileType = sourcecode.swift; path = PersistenceController.swift; sourceTree = "<group>"; };
		253B90D32B90F06E0094273A /* TodoView.swift */ = {isa = PBXFileReference; lastKnownFileType = sourcecode.swift; path = TodoView.swift; sourceTree = "<group>"; };
		253B90D52B90F0850094273A /* TodoRow.swift */ = {isa = PBXFileReference; lastKnownFileType = sourcecode.swift; path = TodoRow.swift; sourceTree = "<group>"; };
		25431A642B7AA53700B0EF80 /* swiftui-snippets.app */ = {isa = PBXFileReference; explicitFileType = wrapper.application; includeInIndex = 0; path = "swiftui-snippets.app"; sourceTree = BUILT_PRODUCTS_DIR; };
		25431A672B7AA53700B0EF80 /* swiftui_snippetsApp.swift */ = {isa = PBXFileReference; lastKnownFileType = sourcecode.swift; path = swiftui_snippetsApp.swift; sourceTree = "<group>"; };
		25431A692B7AA53700B0EF80 /* ContentView.swift */ = {isa = PBXFileReference; lastKnownFileType = sourcecode.swift; path = ContentView.swift; sourceTree = "<group>"; };
		25431A6B2B7AA53B00B0EF80 /* Assets.xcassets */ = {isa = PBXFileReference; lastKnownFileType = folder.assetcatalog; path = Assets.xcassets; sourceTree = "<group>"; };
		25431A6E2B7AA53B00B0EF80 /* Preview Assets.xcassets */ = {isa = PBXFileReference; lastKnownFileType = folder.assetcatalog; path = "Preview Assets.xcassets"; sourceTree = "<group>"; };
		25431A742B7AA53B00B0EF80 /* swiftui-snippetsTests.xctest */ = {isa = PBXFileReference; explicitFileType = wrapper.cfbundle; includeInIndex = 0; path = "swiftui-snippetsTests.xctest"; sourceTree = BUILT_PRODUCTS_DIR; };
		25431A782B7AA53B00B0EF80 /* swiftui_snippetsTests.swift */ = {isa = PBXFileReference; lastKnownFileType = sourcecode.swift; path = swiftui_snippetsTests.swift; sourceTree = "<group>"; };
		25431A7E2B7AA53B00B0EF80 /* swiftui-snippetsUITests.xctest */ = {isa = PBXFileReference; explicitFileType = wrapper.cfbundle; includeInIndex = 0; path = "swiftui-snippetsUITests.xctest"; sourceTree = BUILT_PRODUCTS_DIR; };
		25431A822B7AA53B00B0EF80 /* swiftui_snippetsUITests.swift */ = {isa = PBXFileReference; lastKnownFileType = sourcecode.swift; path = swiftui_snippetsUITests.swift; sourceTree = "<group>"; };
		25431A842B7AA53B00B0EF80 /* swiftui_snippetsUITestsLaunchTests.swift */ = {isa = PBXFileReference; lastKnownFileType = sourcecode.swift; path = swiftui_snippetsUITestsLaunchTests.swift; sourceTree = "<group>"; };
		25431A922B7AA64F00B0EF80 /* User.swift */ = {isa = PBXFileReference; lastKnownFileType = sourcecode.swift; path = User.swift; sourceTree = "<group>"; };
		25431A942B7AA66100B0EF80 /* UserRegistrationViewModel.swift */ = {isa = PBXFileReference; lastKnownFileType = sourcecode.swift; path = UserRegistrationViewModel.swift; sourceTree = "<group>"; };
		25431A982B7AA68A00B0EF80 /* UserRegistrationView.swift */ = {isa = PBXFileReference; lastKnownFileType = sourcecode.swift; path = UserRegistrationView.swift; sourceTree = "<group>"; };
		25431A9A2B7AA6A200B0EF80 /* RegistrationService.swift */ = {isa = PBXFileReference; lastKnownFileType = sourcecode.swift; path = RegistrationService.swift; sourceTree = "<group>"; };
		25431A9D2B7ABF5100B0EF80 /* MoviesService.swift */ = {isa = PBXFileReference; lastKnownFileType = sourcecode.swift; path = MoviesService.swift; sourceTree = "<group>"; };
		25431A9F2B7ABF6600B0EF80 /* Movie.swift */ = {isa = PBXFileReference; lastKnownFileType = sourcecode.swift; path = Movie.swift; sourceTree = "<group>"; };
		25431AA12B7AC1D500B0EF80 /* MoviesListViewModel.swift */ = {isa = PBXFileReference; lastKnownFileType = sourcecode.swift; path = MoviesListViewModel.swift; sourceTree = "<group>"; };
		25431AA32B7AC92800B0EF80 /* MoviesListView.swift */ = {isa = PBXFileReference; lastKnownFileType = sourcecode.swift; path = MoviesListView.swift; sourceTree = "<group>"; };
		25431AA72B7AD58400B0EF80 /* MovieDetailView.swift */ = {isa = PBXFileReference; lastKnownFileType = sourcecode.swift; path = MovieDetailView.swift; sourceTree = "<group>"; };
		25431AA92B7AD7B500B0EF80 /* MovieRatingView.swift */ = {isa = PBXFileReference; lastKnownFileType = sourcecode.swift; path = MovieRatingView.swift; sourceTree = "<group>"; };
		25431AAC2B7ADBE200B0EF80 /* EditableListView.swift */ = {isa = PBXFileReference; lastKnownFileType = sourcecode.swift; path = EditableListView.swift; sourceTree = "<group>"; };
		25431AAF2B7AEA5500B0EF80 /* GesturesDemoView.swift */ = {isa = PBXFileReference; lastKnownFileType = sourcecode.swift; path = GesturesDemoView.swift; sourceTree = "<group>"; };
		25431AB22B7B970000B0EF80 /* LoginView.swift */ = {isa = PBXFileReference; lastKnownFileType = sourcecode.swift; path = LoginView.swift; sourceTree = "<group>"; };
		25431AB42B7B978200B0EF80 /* MainTabView.swift */ = {isa = PBXFileReference; lastKnownFileType = sourcecode.swift; path = MainTabView.swift; sourceTree = "<group>"; };
		25431AB62B7B979900B0EF80 /* FirstTabView.swift */ = {isa = PBXFileReference; lastKnownFileType = sourcecode.swift; path = FirstTabView.swift; sourceTree = "<group>"; };
		25431AB82B7B97A000B0EF80 /* SecondTabView.swift */ = {isa = PBXFileReference; lastKnownFileType = sourcecode.swift; path = SecondTabView.swift; sourceTree = "<group>"; };
		25431ABC2B7B980300B0EF80 /* ModalViews.swift */ = {isa = PBXFileReference; lastKnownFileType = sourcecode.swift; path = ModalViews.swift; sourceTree = "<group>"; };
/* End PBXFileReference section */

/* Begin PBXFrameworksBuildPhase section */
		25431A612B7AA53700B0EF80 /* Frameworks */ = {
			isa = PBXFrameworksBuildPhase;
			buildActionMask = 2147483647;
			files = (
			);
			runOnlyForDeploymentPostprocessing = 0;
		};
		25431A712B7AA53B00B0EF80 /* Frameworks */ = {
			isa = PBXFrameworksBuildPhase;
			buildActionMask = 2147483647;
			files = (
			);
			runOnlyForDeploymentPostprocessing = 0;
		};
		25431A7B2B7AA53B00B0EF80 /* Frameworks */ = {
			isa = PBXFrameworksBuildPhase;
			buildActionMask = 2147483647;
			files = (
			);
			runOnlyForDeploymentPostprocessing = 0;
		};
/* End PBXFrameworksBuildPhase section */

/* Begin PBXGroup section */
		253522762B7BDA0400F9DAA3 /* Landing Page */ = {
			isa = PBXGroup;
			children = (
				253522772B7BDA1700F9DAA3 /* LandingPage.swift */,
				253522792B7C0BDE00F9DAA3 /* LandingPageItem.swift */,
				2535227B2B7C0C2100F9DAA3 /* DismissableView.swift */,
			);
			path = "Landing Page";
			sourceTree = "<group>";
		};
		2535227F2B7C0EC100F9DAA3 /* Rotating image view */ = {
			isa = PBXGroup;
			children = (
				2535227D2B7C0EB700F9DAA3 /* RotatingImageView.swift */,
			);
			path = "Rotating image view";
			sourceTree = "<group>";
		};
		253522802B7C0ECE00F9DAA3 /* Nice but not essential */ = {
			isa = PBXGroup;
			children = (
				253522812B7CC2F900F9DAA3 /* Scroll to open and close */,
				2535227F2B7C0EC100F9DAA3 /* Rotating image view */,
			);
			path = "Nice but not essential";
			sourceTree = "<group>";
		};
		253522812B7CC2F900F9DAA3 /* Scroll to open and close */ = {
			isa = PBXGroup;
			children = (
				253522822B7CC32B00F9DAA3 /* ScrollToOpen.swift */,
			);
			path = "Scroll to open and close";
			sourceTree = "<group>";
		};
		253B90B82B8537A30094273A /* Graph */ = {
			isa = PBXGroup;
			children = (
				253B90B92B8537C40094273A /* BarGraphView.swift */,
				253B90BB2B8544860094273A /* GraphData.swift */,
			);
			path = Graph;
			sourceTree = "<group>";
		};
		253B90BD2B90EB8C0094273A /* Repository pattern */ = {
			isa = PBXGroup;
			children = (
				253B90C22B90EBDF0094273A /* Repositories */,
				253B90BE2B90EB9E0094273A /* Todo.swift */,
				253B90C52B90EC130094273A /* TodoViewModel.swift */,
				253B90D32B90F06E0094273A /* TodoView.swift */,
				253B90D52B90F0850094273A /* TodoRow.swift */,
			);
			path = "Repository pattern";
			sourceTree = "<group>";
		};
		253B90C22B90EBDF0094273A /* Repositories */ = {
			isa = PBXGroup;
			children = (
				253B90C02B90EBB30094273A /* TodoRepository.swift */,
				253B90C32B90EBEB0094273A /* UserDefaultsRepository.swift */,
				253B90C72B90ECFC0094273A /* InMemoryRepository.swift */,
				253B90C92B90ED180094273A /* CoreDataRepository.swift */,
				253B90CE2B90EF2B0094273A /* TodoCoreDataModel.xcdatamodeld */,
				253B90D12B90EFC40094273A /* PersistenceController.swift */,
			);
			path = Repositories;
			sourceTree = "<group>";
		};
		25431A5B2B7AA53700B0EF80 = {
			isa = PBXGroup;
			children = (
				25431A662B7AA53700B0EF80 /* swiftui-snippets */,
				25431A772B7AA53B00B0EF80 /* swiftui-snippetsTests */,
				25431A812B7AA53B00B0EF80 /* swiftui-snippetsUITests */,
				25431A652B7AA53700B0EF80 /* Products */,
			);
			sourceTree = "<group>";
		};
		25431A652B7AA53700B0EF80 /* Products */ = {
			isa = PBXGroup;
			children = (
				25431A642B7AA53700B0EF80 /* swiftui-snippets.app */,
				25431A742B7AA53B00B0EF80 /* swiftui-snippetsTests.xctest */,
				25431A7E2B7AA53B00B0EF80 /* swiftui-snippetsUITests.xctest */,
			);
			name = Products;
			sourceTree = "<group>";
		};
		25431A662B7AA53700B0EF80 /* swiftui-snippets */ = {
			isa = PBXGroup;
			children = (
				25431A672B7AA53700B0EF80 /* swiftui_snippetsApp.swift */,
				253522762B7BDA0400F9DAA3 /* Landing Page */,
				25431A912B7AA62D00B0EF80 /* MVVM */,
				25431A9C2B7ABF1900B0EF80 /* List and Detail views */,
				25431AAB2B7ADBD000B0EF80 /* Edit Mode */,
				25431AAE2B7AE5DA00B0EF80 /* Gestures */,
				25431AB12B7B8CDB00B0EF80 /* Basic navigation tree structure */,
				253B90B82B8537A30094273A /* Graph */,
				253B90BD2B90EB8C0094273A /* Repository pattern */,
				253522802B7C0ECE00F9DAA3 /* Nice but not essential */,
				25431A6B2B7AA53B00B0EF80 /* Assets.xcassets */,
				25431A6D2B7AA53B00B0EF80 /* Preview Content */,
			);
			path = "swiftui-snippets";
			sourceTree = "<group>";
		};
		25431A6D2B7AA53B00B0EF80 /* Preview Content */ = {
			isa = PBXGroup;
			children = (
				25431A6E2B7AA53B00B0EF80 /* Preview Assets.xcassets */,
			);
			path = "Preview Content";
			sourceTree = "<group>";
		};
		25431A772B7AA53B00B0EF80 /* swiftui-snippetsTests */ = {
			isa = PBXGroup;
			children = (
				25431A782B7AA53B00B0EF80 /* swiftui_snippetsTests.swift */,
			);
			path = "swiftui-snippetsTests";
			sourceTree = "<group>";
		};
		25431A812B7AA53B00B0EF80 /* swiftui-snippetsUITests */ = {
			isa = PBXGroup;
			children = (
				25431A822B7AA53B00B0EF80 /* swiftui_snippetsUITests.swift */,
				25431A842B7AA53B00B0EF80 /* swiftui_snippetsUITestsLaunchTests.swift */,
			);
			path = "swiftui-snippetsUITests";
			sourceTree = "<group>";
		};
		25431A912B7AA62D00B0EF80 /* MVVM */ = {
			isa = PBXGroup;
			children = (
				25431A922B7AA64F00B0EF80 /* User.swift */,
				25431A942B7AA66100B0EF80 /* UserRegistrationViewModel.swift */,
				25431A982B7AA68A00B0EF80 /* UserRegistrationView.swift */,
				25431A9A2B7AA6A200B0EF80 /* RegistrationService.swift */,
			);
			path = MVVM;
			sourceTree = "<group>";
		};
		25431A9C2B7ABF1900B0EF80 /* List and Detail views */ = {
			isa = PBXGroup;
			children = (
				25431A9F2B7ABF6600B0EF80 /* Movie.swift */,
				25431A9D2B7ABF5100B0EF80 /* MoviesService.swift */,
				25431AA52B7AC92F00B0EF80 /* List */,
				25431AA62B7AC93400B0EF80 /* Detail */,
			);
			path = "List and Detail views";
			sourceTree = "<group>";
		};
		25431AA52B7AC92F00B0EF80 /* List */ = {
			isa = PBXGroup;
			children = (
				25431AA12B7AC1D500B0EF80 /* MoviesListViewModel.swift */,
				25431AA32B7AC92800B0EF80 /* MoviesListView.swift */,
			);
			path = List;
			sourceTree = "<group>";
		};
		25431AA62B7AC93400B0EF80 /* Detail */ = {
			isa = PBXGroup;
			children = (
				25431AA72B7AD58400B0EF80 /* MovieDetailView.swift */,
				25431AA92B7AD7B500B0EF80 /* MovieRatingView.swift */,
			);
			path = Detail;
			sourceTree = "<group>";
		};
		25431AAB2B7ADBD000B0EF80 /* Edit Mode */ = {
			isa = PBXGroup;
			children = (
				25431AAC2B7ADBE200B0EF80 /* EditableListView.swift */,
			);
			path = "Edit Mode";
			sourceTree = "<group>";
		};
		25431AAE2B7AE5DA00B0EF80 /* Gestures */ = {
			isa = PBXGroup;
			children = (
				25431AAF2B7AEA5500B0EF80 /* GesturesDemoView.swift */,
			);
			path = Gestures;
			sourceTree = "<group>";
		};
		25431AB12B7B8CDB00B0EF80 /* Basic navigation tree structure */ = {
			isa = PBXGroup;
			children = (
				25431A692B7AA53700B0EF80 /* ContentView.swift */,
				25431AB22B7B970000B0EF80 /* LoginView.swift */,
				25431AB42B7B978200B0EF80 /* MainTabView.swift */,
				25431AB62B7B979900B0EF80 /* FirstTabView.swift */,
				25431AB82B7B97A000B0EF80 /* SecondTabView.swift */,
				25431ABC2B7B980300B0EF80 /* ModalViews.swift */,
			);
			path = "Basic navigation tree structure";
			sourceTree = "<group>";
		};
/* End PBXGroup section */

/* Begin PBXNativeTarget section */
		25431A632B7AA53700B0EF80 /* swiftui-snippets */ = {
			isa = PBXNativeTarget;
			buildConfigurationList = 25431A882B7AA53B00B0EF80 /* Build configuration list for PBXNativeTarget "swiftui-snippets" */;
			buildPhases = (
				25431A602B7AA53700B0EF80 /* Sources */,
				25431A612B7AA53700B0EF80 /* Frameworks */,
				25431A622B7AA53700B0EF80 /* Resources */,
			);
			buildRules = (
			);
			dependencies = (
			);
			name = "swiftui-snippets";
			productName = "swiftui-snippets";
			productReference = 25431A642B7AA53700B0EF80 /* swiftui-snippets.app */;
			productType = "com.apple.product-type.application";
		};
		25431A732B7AA53B00B0EF80 /* swiftui-snippetsTests */ = {
			isa = PBXNativeTarget;
			buildConfigurationList = 25431A8B2B7AA53B00B0EF80 /* Build configuration list for PBXNativeTarget "swiftui-snippetsTests" */;
			buildPhases = (
				25431A702B7AA53B00B0EF80 /* Sources */,
				25431A712B7AA53B00B0EF80 /* Frameworks */,
				25431A722B7AA53B00B0EF80 /* Resources */,
			);
			buildRules = (
			);
			dependencies = (
				25431A762B7AA53B00B0EF80 /* PBXTargetDependency */,
			);
			name = "swiftui-snippetsTests";
			productName = "swiftui-snippetsTests";
			productReference = 25431A742B7AA53B00B0EF80 /* swiftui-snippetsTests.xctest */;
			productType = "com.apple.product-type.bundle.unit-test";
		};
		25431A7D2B7AA53B00B0EF80 /* swiftui-snippetsUITests */ = {
			isa = PBXNativeTarget;
			buildConfigurationList = 25431A8E2B7AA53B00B0EF80 /* Build configuration list for PBXNativeTarget "swiftui-snippetsUITests" */;
			buildPhases = (
				25431A7A2B7AA53B00B0EF80 /* Sources */,
				25431A7B2B7AA53B00B0EF80 /* Frameworks */,
				25431A7C2B7AA53B00B0EF80 /* Resources */,
			);
			buildRules = (
			);
			dependencies = (
				25431A802B7AA53B00B0EF80 /* PBXTargetDependency */,
			);
			name = "swiftui-snippetsUITests";
			productName = "swiftui-snippetsUITests";
			productReference = 25431A7E2B7AA53B00B0EF80 /* swiftui-snippetsUITests.xctest */;
			productType = "com.apple.product-type.bundle.ui-testing";
		};
/* End PBXNativeTarget section */

/* Begin PBXProject section */
		25431A5C2B7AA53700B0EF80 /* Project object */ = {
			isa = PBXProject;
			attributes = {
				BuildIndependentTargetsInParallel = 1;
				LastSwiftUpdateCheck = 1500;
				LastUpgradeCheck = 1500;
				TargetAttributes = {
					25431A632B7AA53700B0EF80 = {
						CreatedOnToolsVersion = 15.0;
					};
					25431A732B7AA53B00B0EF80 = {
						CreatedOnToolsVersion = 15.0;
						TestTargetID = 25431A632B7AA53700B0EF80;
					};
					25431A7D2B7AA53B00B0EF80 = {
						CreatedOnToolsVersion = 15.0;
						TestTargetID = 25431A632B7AA53700B0EF80;
					};
				};
			};
			buildConfigurationList = 25431A5F2B7AA53700B0EF80 /* Build configuration list for PBXProject "swiftui-snippets" */;
			compatibilityVersion = "Xcode 14.0";
			developmentRegion = en;
			hasScannedForEncodings = 0;
			knownRegions = (
				en,
				Base,
			);
			mainGroup = 25431A5B2B7AA53700B0EF80;
			productRefGroup = 25431A652B7AA53700B0EF80 /* Products */;
			projectDirPath = "";
			projectRoot = "";
			targets = (
				25431A632B7AA53700B0EF80 /* swiftui-snippets */,
				25431A732B7AA53B00B0EF80 /* swiftui-snippetsTests */,
				25431A7D2B7AA53B00B0EF80 /* swiftui-snippetsUITests */,
			);
		};
/* End PBXProject section */

/* Begin PBXResourcesBuildPhase section */
		25431A622B7AA53700B0EF80 /* Resources */ = {
			isa = PBXResourcesBuildPhase;
			buildActionMask = 2147483647;
			files = (
				25431A6F2B7AA53B00B0EF80 /* Preview Assets.xcassets in Resources */,
				25431A6C2B7AA53B00B0EF80 /* Assets.xcassets in Resources */,
			);
			runOnlyForDeploymentPostprocessing = 0;
		};
		25431A722B7AA53B00B0EF80 /* Resources */ = {
			isa = PBXResourcesBuildPhase;
			buildActionMask = 2147483647;
			files = (
			);
			runOnlyForDeploymentPostprocessing = 0;
		};
		25431A7C2B7AA53B00B0EF80 /* Resources */ = {
			isa = PBXResourcesBuildPhase;
			buildActionMask = 2147483647;
			files = (
			);
			runOnlyForDeploymentPostprocessing = 0;
		};
/* End PBXResourcesBuildPhase section */

/* Begin PBXSourcesBuildPhase section */
		25431A602B7AA53700B0EF80 /* Sources */ = {
			isa = PBXSourcesBuildPhase;
			buildActionMask = 2147483647;
			files = (
				25431A952B7AA66100B0EF80 /* UserRegistrationViewModel.swift in Sources */,
				253522832B7CC32B00F9DAA3 /* ScrollToOpen.swift in Sources */,
				253B90D62B90F0850094273A /* TodoRow.swift in Sources */,
				253B90D42B90F06E0094273A /* TodoView.swift in Sources */,
				2535227C2B7C0C2100F9DAA3 /* DismissableView.swift in Sources */,
				25431A6A2B7AA53700B0EF80 /* ContentView.swift in Sources */,
				253B90BC2B8544860094273A /* GraphData.swift in Sources */,
				253B90C82B90ECFC0094273A /* InMemoryRepository.swift in Sources */,
				25431AAD2B7ADBE200B0EF80 /* EditableListView.swift in Sources */,
				25431AB52B7B978200B0EF80 /* MainTabView.swift in Sources */,
				25431AB92B7B97A000B0EF80 /* SecondTabView.swift in Sources */,
				25431AB32B7B970000B0EF80 /* LoginView.swift in Sources */,
				253B90C42B90EBEB0094273A /* UserDefaultsRepository.swift in Sources */,
				253522782B7BDA1700F9DAA3 /* LandingPage.swift in Sources */,
				25431A682B7AA53700B0EF80 /* swiftui_snippetsApp.swift in Sources */,
				25431AA22B7AC1D500B0EF80 /* MoviesListViewModel.swift in Sources */,
				253B90BA2B8537C40094273A /* BarGraphView.swift in Sources */,
				25431A932B7AA64F00B0EF80 /* User.swift in Sources */,
				253B90D02B90EF2B0094273A /* TodoCoreDataModel.xcdatamodeld in Sources */,
				25431AA42B7AC92800B0EF80 /* MoviesListView.swift in Sources */,
				2535227E2B7C0EB700F9DAA3 /* RotatingImageView.swift in Sources */,
				25431AB72B7B979900B0EF80 /* FirstTabView.swift in Sources */,
				253B90C62B90EC130094273A /* TodoViewModel.swift in Sources */,
				253B90C12B90EBB30094273A /* TodoRepository.swift in Sources */,
				2535227A2B7C0BDE00F9DAA3 /* LandingPageItem.swift in Sources */,
				253B90CA2B90ED180094273A /* CoreDataRepository.swift in Sources */,
				25431A9E2B7ABF5100B0EF80 /* MoviesService.swift in Sources */,
				25431A9B2B7AA6A200B0EF80 /* RegistrationService.swift in Sources */,
				25431AAA2B7AD7B500B0EF80 /* MovieRatingView.swift in Sources */,
				253B90D22B90EFC40094273A /* PersistenceController.swift in Sources */,
				25431AA02B7ABF6600B0EF80 /* Movie.swift in Sources */,
				253B90BF2B90EB9E0094273A /* Todo.swift in Sources */,
				25431A992B7AA68A00B0EF80 /* UserRegistrationView.swift in Sources */,
				25431AA82B7AD58400B0EF80 /* MovieDetailView.swift in Sources */,
				25431ABD2B7B980300B0EF80 /* ModalViews.swift in Sources */,
				25431AB02B7AEA5500B0EF80 /* GesturesDemoView.swift in Sources */,
			);
			runOnlyForDeploymentPostprocessing = 0;
		};
		25431A702B7AA53B00B0EF80 /* Sources */ = {
			isa = PBXSourcesBuildPhase;
			buildActionMask = 2147483647;
			files = (
				25431A792B7AA53B00B0EF80 /* swiftui_snippetsTests.swift in Sources */,
			);
			runOnlyForDeploymentPostprocessing = 0;
		};
		25431A7A2B7AA53B00B0EF80 /* Sources */ = {
			isa = PBXSourcesBuildPhase;
			buildActionMask = 2147483647;
			files = (
				25431A852B7AA53B00B0EF80 /* swiftui_snippetsUITestsLaunchTests.swift in Sources */,
				25431A832B7AA53B00B0EF80 /* swiftui_snippetsUITests.swift in Sources */,
			);
			runOnlyForDeploymentPostprocessing = 0;
		};
/* End PBXSourcesBuildPhase section */

/* Begin PBXTargetDependency section */
		25431A762B7AA53B00B0EF80 /* PBXTargetDependency */ = {
			isa = PBXTargetDependency;
			target = 25431A632B7AA53700B0EF80 /* swiftui-snippets */;
			targetProxy = 25431A752B7AA53B00B0EF80 /* PBXContainerItemProxy */;
		};
		25431A802B7AA53B00B0EF80 /* PBXTargetDependency */ = {
			isa = PBXTargetDependency;
			target = 25431A632B7AA53700B0EF80 /* swiftui-snippets */;
			targetProxy = 25431A7F2B7AA53B00B0EF80 /* PBXContainerItemProxy */;
		};
/* End PBXTargetDependency section */

/* Begin XCBuildConfiguration section */
		25431A862B7AA53B00B0EF80 /* Debug */ = {
			isa = XCBuildConfiguration;
			buildSettings = {
				ALWAYS_SEARCH_USER_PATHS = NO;
				ASSETCATALOG_COMPILER_GENERATE_SWIFT_ASSET_SYMBOL_EXTENSIONS = YES;
				CLANG_ANALYZER_NONNULL = YES;
				CLANG_ANALYZER_NUMBER_OBJECT_CONVERSION = YES_AGGRESSIVE;
				CLANG_CXX_LANGUAGE_STANDARD = "gnu++20";
				CLANG_ENABLE_MODULES = YES;
				CLANG_ENABLE_OBJC_ARC = YES;
				CLANG_ENABLE_OBJC_WEAK = YES;
				CLANG_WARN_BLOCK_CAPTURE_AUTORELEASING = YES;
				CLANG_WARN_BOOL_CONVERSION = YES;
				CLANG_WARN_COMMA = YES;
				CLANG_WARN_CONSTANT_CONVERSION = YES;
				CLANG_WARN_DEPRECATED_OBJC_IMPLEMENTATIONS = YES;
				CLANG_WARN_DIRECT_OBJC_ISA_USAGE = YES_ERROR;
				CLANG_WARN_DOCUMENTATION_COMMENTS = YES;
				CLANG_WARN_EMPTY_BODY = YES;
				CLANG_WARN_ENUM_CONVERSION = YES;
				CLANG_WARN_INFINITE_RECURSION = YES;
				CLANG_WARN_INT_CONVERSION = YES;
				CLANG_WARN_NON_LITERAL_NULL_CONVERSION = YES;
				CLANG_WARN_OBJC_IMPLICIT_RETAIN_SELF = YES;
				CLANG_WARN_OBJC_LITERAL_CONVERSION = YES;
				CLANG_WARN_OBJC_ROOT_CLASS = YES_ERROR;
				CLANG_WARN_QUOTED_INCLUDE_IN_FRAMEWORK_HEADER = YES;
				CLANG_WARN_RANGE_LOOP_ANALYSIS = YES;
				CLANG_WARN_STRICT_PROTOTYPES = YES;
				CLANG_WARN_SUSPICIOUS_MOVE = YES;
				CLANG_WARN_UNGUARDED_AVAILABILITY = YES_AGGRESSIVE;
				CLANG_WARN_UNREACHABLE_CODE = YES;
				CLANG_WARN__DUPLICATE_METHOD_MATCH = YES;
				COPY_PHASE_STRIP = NO;
				DEBUG_INFORMATION_FORMAT = dwarf;
				ENABLE_STRICT_OBJC_MSGSEND = YES;
				ENABLE_TESTABILITY = YES;
				ENABLE_USER_SCRIPT_SANDBOXING = YES;
				GCC_C_LANGUAGE_STANDARD = gnu17;
				GCC_DYNAMIC_NO_PIC = NO;
				GCC_NO_COMMON_BLOCKS = YES;
				GCC_OPTIMIZATION_LEVEL = 0;
				GCC_PREPROCESSOR_DEFINITIONS = (
					"DEBUG=1",
					"$(inherited)",
				);
				GCC_WARN_64_TO_32_BIT_CONVERSION = YES;
				GCC_WARN_ABOUT_RETURN_TYPE = YES_ERROR;
				GCC_WARN_UNDECLARED_SELECTOR = YES;
				GCC_WARN_UNINITIALIZED_AUTOS = YES_AGGRESSIVE;
				GCC_WARN_UNUSED_FUNCTION = YES;
				GCC_WARN_UNUSED_VARIABLE = YES;
				IPHONEOS_DEPLOYMENT_TARGET = 17.0;
				LOCALIZATION_PREFERS_STRING_CATALOGS = YES;
				MTL_ENABLE_DEBUG_INFO = INCLUDE_SOURCE;
				MTL_FAST_MATH = YES;
				ONLY_ACTIVE_ARCH = YES;
				SDKROOT = iphoneos;
				SWIFT_ACTIVE_COMPILATION_CONDITIONS = "DEBUG $(inherited)";
				SWIFT_OPTIMIZATION_LEVEL = "-Onone";
			};
			name = Debug;
		};
		25431A872B7AA53B00B0EF80 /* Release */ = {
			isa = XCBuildConfiguration;
			buildSettings = {
				ALWAYS_SEARCH_USER_PATHS = NO;
				ASSETCATALOG_COMPILER_GENERATE_SWIFT_ASSET_SYMBOL_EXTENSIONS = YES;
				CLANG_ANALYZER_NONNULL = YES;
				CLANG_ANALYZER_NUMBER_OBJECT_CONVERSION = YES_AGGRESSIVE;
				CLANG_CXX_LANGUAGE_STANDARD = "gnu++20";
				CLANG_ENABLE_MODULES = YES;
				CLANG_ENABLE_OBJC_ARC = YES;
				CLANG_ENABLE_OBJC_WEAK = YES;
				CLANG_WARN_BLOCK_CAPTURE_AUTORELEASING = YES;
				CLANG_WARN_BOOL_CONVERSION = YES;
				CLANG_WARN_COMMA = YES;
				CLANG_WARN_CONSTANT_CONVERSION = YES;
				CLANG_WARN_DEPRECATED_OBJC_IMPLEMENTATIONS = YES;
				CLANG_WARN_DIRECT_OBJC_ISA_USAGE = YES_ERROR;
				CLANG_WARN_DOCUMENTATION_COMMENTS = YES;
				CLANG_WARN_EMPTY_BODY = YES;
				CLANG_WARN_ENUM_CONVERSION = YES;
				CLANG_WARN_INFINITE_RECURSION = YES;
				CLANG_WARN_INT_CONVERSION = YES;
				CLANG_WARN_NON_LITERAL_NULL_CONVERSION = YES;
				CLANG_WARN_OBJC_IMPLICIT_RETAIN_SELF = YES;
				CLANG_WARN_OBJC_LITERAL_CONVERSION = YES;
				CLANG_WARN_OBJC_ROOT_CLASS = YES_ERROR;
				CLANG_WARN_QUOTED_INCLUDE_IN_FRAMEWORK_HEADER = YES;
				CLANG_WARN_RANGE_LOOP_ANALYSIS = YES;
				CLANG_WARN_STRICT_PROTOTYPES = YES;
				CLANG_WARN_SUSPICIOUS_MOVE = YES;
				CLANG_WARN_UNGUARDED_AVAILABILITY = YES_AGGRESSIVE;
				CLANG_WARN_UNREACHABLE_CODE = YES;
				CLANG_WARN__DUPLICATE_METHOD_MATCH = YES;
				COPY_PHASE_STRIP = NO;
				DEBUG_INFORMATION_FORMAT = "dwarf-with-dsym";
				ENABLE_NS_ASSERTIONS = NO;
				ENABLE_STRICT_OBJC_MSGSEND = YES;
				ENABLE_USER_SCRIPT_SANDBOXING = YES;
				GCC_C_LANGUAGE_STANDARD = gnu17;
				GCC_NO_COMMON_BLOCKS = YES;
				GCC_WARN_64_TO_32_BIT_CONVERSION = YES;
				GCC_WARN_ABOUT_RETURN_TYPE = YES_ERROR;
				GCC_WARN_UNDECLARED_SELECTOR = YES;
				GCC_WARN_UNINITIALIZED_AUTOS = YES_AGGRESSIVE;
				GCC_WARN_UNUSED_FUNCTION = YES;
				GCC_WARN_UNUSED_VARIABLE = YES;
				IPHONEOS_DEPLOYMENT_TARGET = 17.0;
				LOCALIZATION_PREFERS_STRING_CATALOGS = YES;
				MTL_ENABLE_DEBUG_INFO = NO;
				MTL_FAST_MATH = YES;
				SDKROOT = iphoneos;
				SWIFT_COMPILATION_MODE = wholemodule;
				VALIDATE_PRODUCT = YES;
			};
			name = Release;
		};
		25431A892B7AA53B00B0EF80 /* Debug */ = {
			isa = XCBuildConfiguration;
			buildSettings = {
				ASSETCATALOG_COMPILER_APPICON_NAME = AppIcon;
				ASSETCATALOG_COMPILER_GLOBAL_ACCENT_COLOR_NAME = AccentColor;
				CODE_SIGN_IDENTITY = "Apple Development";
				CODE_SIGN_STYLE = Automatic;
				CURRENT_PROJECT_VERSION = 1;
				DEVELOPMENT_ASSET_PATHS = "\"swiftui-snippets/Preview Content\"";
				DEVELOPMENT_TEAM = XCLMBC27FD;
				ENABLE_PREVIEWS = YES;
				GENERATE_INFOPLIST_FILE = YES;
				INFOPLIST_KEY_UIApplicationSceneManifest_Generation = YES;
				INFOPLIST_KEY_UIApplicationSupportsIndirectInputEvents = YES;
				INFOPLIST_KEY_UILaunchScreen_Generation = YES;
				INFOPLIST_KEY_UISupportedInterfaceOrientations_iPad = "UIInterfaceOrientationPortrait UIInterfaceOrientationPortraitUpsideDown UIInterfaceOrientationLandscapeLeft UIInterfaceOrientationLandscapeRight";
				INFOPLIST_KEY_UISupportedInterfaceOrientations_iPhone = "UIInterfaceOrientationPortrait UIInterfaceOrientationLandscapeLeft UIInterfaceOrientationLandscapeRight";
				IPHONEOS_DEPLOYMENT_TARGET = 17.0;
				LD_RUNPATH_SEARCH_PATHS = (
					"$(inherited)",
					"@executable_path/Frameworks",
				);
				MARKETING_VERSION = 1.0;
				PRODUCT_BUNDLE_IDENTIFIER = "me.mitrovic.milos.swiftui-snippets";
				PRODUCT_NAME = "$(TARGET_NAME)";
				PROVISIONING_PROFILE_SPECIFIER = "";
				SWIFT_EMIT_LOC_STRINGS = YES;
				SWIFT_VERSION = 5.0;
				TARGETED_DEVICE_FAMILY = "1,2";
			};
			name = Debug;
		};
		25431A8A2B7AA53B00B0EF80 /* Release */ = {
			isa = XCBuildConfiguration;
			buildSettings = {
				ASSETCATALOG_COMPILER_APPICON_NAME = AppIcon;
				ASSETCATALOG_COMPILER_GLOBAL_ACCENT_COLOR_NAME = AccentColor;
				CODE_SIGN_IDENTITY = "Apple Development";
				CODE_SIGN_STYLE = Automatic;
				CURRENT_PROJECT_VERSION = 1;
				DEVELOPMENT_ASSET_PATHS = "\"swiftui-snippets/Preview Content\"";
				DEVELOPMENT_TEAM = XCLMBC27FD;
				ENABLE_PREVIEWS = YES;
				GENERATE_INFOPLIST_FILE = YES;
				INFOPLIST_KEY_UIApplicationSceneManifest_Generation = YES;
				INFOPLIST_KEY_UIApplicationSupportsIndirectInputEvents = YES;
				INFOPLIST_KEY_UILaunchScreen_Generation = YES;
				INFOPLIST_KEY_UISupportedInterfaceOrientations_iPad = "UIInterfaceOrientationPortrait UIInterfaceOrientationPortraitUpsideDown UIInterfaceOrientationLandscapeLeft UIInterfaceOrientationLandscapeRight";
				INFOPLIST_KEY_UISupportedInterfaceOrientations_iPhone = "UIInterfaceOrientationPortrait UIInterfaceOrientationLandscapeLeft UIInterfaceOrientationLandscapeRight";
				IPHONEOS_DEPLOYMENT_TARGET = 17.0;
				LD_RUNPATH_SEARCH_PATHS = (
					"$(inherited)",
					"@executable_path/Frameworks",
				);
				MARKETING_VERSION = 1.0;
				PRODUCT_BUNDLE_IDENTIFIER = "me.mitrovic.milos.swiftui-snippets";
				PRODUCT_NAME = "$(TARGET_NAME)";
				PROVISIONING_PROFILE_SPECIFIER = "";
				SWIFT_EMIT_LOC_STRINGS = YES;
				SWIFT_VERSION = 5.0;
				TARGETED_DEVICE_FAMILY = "1,2";
			};
			name = Release;
		};
		25431A8C2B7AA53B00B0EF80 /* Debug */ = {
			isa = XCBuildConfiguration;
			buildSettings = {
				ALWAYS_EMBED_SWIFT_STANDARD_LIBRARIES = YES;
				BUNDLE_LOADER = "$(TEST_HOST)";
				CODE_SIGN_STYLE = Automatic;
				CURRENT_PROJECT_VERSION = 1;
				DEVELOPMENT_TEAM = XCLMBC27FD;
				GENERATE_INFOPLIST_FILE = YES;
				IPHONEOS_DEPLOYMENT_TARGET = 17.0;
				MARKETING_VERSION = 1.0;
				PRODUCT_BUNDLE_IDENTIFIER = "me.mitrovic.milos.swiftui-snippetsTests";
				PRODUCT_NAME = "$(TARGET_NAME)";
				SWIFT_EMIT_LOC_STRINGS = NO;
				SWIFT_VERSION = 5.0;
				TARGETED_DEVICE_FAMILY = "1,2";
				TEST_HOST = "$(BUILT_PRODUCTS_DIR)/swiftui-snippets.app/$(BUNDLE_EXECUTABLE_FOLDER_PATH)/swiftui-snippets";
			};
			name = Debug;
		};
		25431A8D2B7AA53B00B0EF80 /* Release */ = {
			isa = XCBuildConfiguration;
			buildSettings = {
				ALWAYS_EMBED_SWIFT_STANDARD_LIBRARIES = YES;
				BUNDLE_LOADER = "$(TEST_HOST)";
				CODE_SIGN_STYLE = Automatic;
				CURRENT_PROJECT_VERSION = 1;
				DEVELOPMENT_TEAM = XCLMBC27FD;
				GENERATE_INFOPLIST_FILE = YES;
				IPHONEOS_DEPLOYMENT_TARGET = 17.0;
				MARKETING_VERSION = 1.0;
				PRODUCT_BUNDLE_IDENTIFIER = "me.mitrovic.milos.swiftui-snippetsTests";
				PRODUCT_NAME = "$(TARGET_NAME)";
				SWIFT_EMIT_LOC_STRINGS = NO;
				SWIFT_VERSION = 5.0;
				TARGETED_DEVICE_FAMILY = "1,2";
				TEST_HOST = "$(BUILT_PRODUCTS_DIR)/swiftui-snippets.app/$(BUNDLE_EXECUTABLE_FOLDER_PATH)/swiftui-snippets";
			};
			name = Release;
		};
		25431A8F2B7AA53B00B0EF80 /* Debug */ = {
			isa = XCBuildConfiguration;
			buildSettings = {
				ALWAYS_EMBED_SWIFT_STANDARD_LIBRARIES = YES;
				CODE_SIGN_STYLE = Automatic;
				CURRENT_PROJECT_VERSION = 1;
				DEVELOPMENT_TEAM = XCLMBC27FD;
				GENERATE_INFOPLIST_FILE = YES;
				MARKETING_VERSION = 1.0;
				PRODUCT_BUNDLE_IDENTIFIER = "me.mitrovic.milos.swiftui-snippetsUITests";
				PRODUCT_NAME = "$(TARGET_NAME)";
				SWIFT_EMIT_LOC_STRINGS = NO;
				SWIFT_VERSION = 5.0;
				TARGETED_DEVICE_FAMILY = "1,2";
				TEST_TARGET_NAME = "swiftui-snippets";
			};
			name = Debug;
		};
		25431A902B7AA53B00B0EF80 /* Release */ = {
			isa = XCBuildConfiguration;
			buildSettings = {
				ALWAYS_EMBED_SWIFT_STANDARD_LIBRARIES = YES;
				CODE_SIGN_STYLE = Automatic;
				CURRENT_PROJECT_VERSION = 1;
				DEVELOPMENT_TEAM = XCLMBC27FD;
				GENERATE_INFOPLIST_FILE = YES;
				MARKETING_VERSION = 1.0;
				PRODUCT_BUNDLE_IDENTIFIER = "me.mitrovic.milos.swiftui-snippetsUITests";
				PRODUCT_NAME = "$(TARGET_NAME)";
				SWIFT_EMIT_LOC_STRINGS = NO;
				SWIFT_VERSION = 5.0;
				TARGETED_DEVICE_FAMILY = "1,2";
				TEST_TARGET_NAME = "swiftui-snippets";
			};
			name = Release;
		};
/* End XCBuildConfiguration section */

/* Begin XCConfigurationList section */
		25431A5F2B7AA53700B0EF80 /* Build configuration list for PBXProject "swiftui-snippets" */ = {
			isa = XCConfigurationList;
			buildConfigurations = (
				25431A862B7AA53B00B0EF80 /* Debug */,
				25431A872B7AA53B00B0EF80 /* Release */,
			);
			defaultConfigurationIsVisible = 0;
			defaultConfigurationName = Release;
		};
		25431A882B7AA53B00B0EF80 /* Build configuration list for PBXNativeTarget "swiftui-snippets" */ = {
			isa = XCConfigurationList;
			buildConfigurations = (
				25431A892B7AA53B00B0EF80 /* Debug */,
				25431A8A2B7AA53B00B0EF80 /* Release */,
			);
			defaultConfigurationIsVisible = 0;
			defaultConfigurationName = Release;
		};
		25431A8B2B7AA53B00B0EF80 /* Build configuration list for PBXNativeTarget "swiftui-snippetsTests" */ = {
			isa = XCConfigurationList;
			buildConfigurations = (
				25431A8C2B7AA53B00B0EF80 /* Debug */,
				25431A8D2B7AA53B00B0EF80 /* Release */,
			);
			defaultConfigurationIsVisible = 0;
			defaultConfigurationName = Release;
		};
		25431A8E2B7AA53B00B0EF80 /* Build configuration list for PBXNativeTarget "swiftui-snippetsUITests" */ = {
			isa = XCConfigurationList;
			buildConfigurations = (
				25431A8F2B7AA53B00B0EF80 /* Debug */,
				25431A902B7AA53B00B0EF80 /* Release */,
			);
			defaultConfigurationIsVisible = 0;
			defaultConfigurationName = Release;
		};
/* End XCConfigurationList section */

/* Begin XCVersionGroup section */
		253B90CE2B90EF2B0094273A /* TodoCoreDataModel.xcdatamodeld */ = {
			isa = XCVersionGroup;
			children = (
				253B90CF2B90EF2B0094273A /* TodoCoreDataModel.xcdatamodel */,
			);
			currentVersion = 253B90CF2B90EF2B0094273A /* TodoCoreDataModel.xcdatamodel */;
			path = TodoCoreDataModel.xcdatamodeld;
			sourceTree = "<group>";
			versionGroupType = wrapper.xcdatamodel;
		};
/* End XCVersionGroup section */
	};
	rootObject = 25431A5C2B7AA53700B0EF80 /* Project object */;
}
